// !$*UTF8*$!
{
	archiveVersion = 1;
	classes = {
	};
	objectVersion = 46;
	objects = {

/* Begin PBXBuildFile section */
		BE2902B01EC40C4300512F04 /* RSAUtil.m in Sources */ = {isa = PBXBuildFile; fileRef = BE2902AE1EC40C4300512F04 /* RSAUtil.m */; };
		BE2902BA1EC41F9D00512F04 /* TripleDesUtil.m in Sources */ = {isa = PBXBuildFile; fileRef = BE2902B91EC41F9D00512F04 /* TripleDesUtil.m */; };
		BE8FBAE51EC1DDEE0093350E /* AppDelegate.swift in Sources */ = {isa = PBXBuildFile; fileRef = BE8FBAE41EC1DDEE0093350E /* AppDelegate.swift */; };
		BE8FBAE71EC1DDEE0093350E /* ViewController.swift in Sources */ = {isa = PBXBuildFile; fileRef = BE8FBAE61EC1DDEE0093350E /* ViewController.swift */; };
		BE8FBAEA1EC1DDEE0093350E /* Main.storyboard in Resources */ = {isa = PBXBuildFile; fileRef = BE8FBAE81EC1DDEE0093350E /* Main.storyboard */; };
		BE8FBAEC1EC1DDEE0093350E /* Assets.xcassets in Resources */ = {isa = PBXBuildFile; fileRef = BE8FBAEB1EC1DDEE0093350E /* Assets.xcassets */; };
		BE8FBAEF1EC1DDEE0093350E /* LaunchScreen.storyboard in Resources */ = {isa = PBXBuildFile; fileRef = BE8FBAED1EC1DDEE0093350E /* LaunchScreen.storyboard */; };
		BE8FBAFA1EC1DDEE0093350E /* sec_iosTests.swift in Sources */ = {isa = PBXBuildFile; fileRef = BE8FBAF91EC1DDEE0093350E /* sec_iosTests.swift */; };
		BE8FBB051EC1DDEE0093350E /* sec_iosUITests.swift in Sources */ = {isa = PBXBuildFile; fileRef = BE8FBB041EC1DDEE0093350E /* sec_iosUITests.swift */; };
		F2F579E9F773F38FBB2273BF /* libPods-sec-ios.a in Frameworks */ = {isa = PBXBuildFile; fileRef = 49D072BC2DB5242B28CBE83A /* libPods-sec-ios.a */; };
/* End PBXBuildFile section */

/* Begin PBXContainerItemProxy section */
		BE8FBAF61EC1DDEE0093350E /* PBXContainerItemProxy */ = {
			isa = PBXContainerItemProxy;
			containerPortal = BE8FBAD91EC1DDEE0093350E /* Project object */;
			proxyType = 1;
			remoteGlobalIDString = BE8FBAE01EC1DDEE0093350E;
			remoteInfo = "sec-ios";
		};
		BE8FBB011EC1DDEE0093350E /* PBXContainerItemProxy */ = {
			isa = PBXContainerItemProxy;
			containerPortal = BE8FBAD91EC1DDEE0093350E /* Project object */;
			proxyType = 1;
			remoteGlobalIDString = BE8FBAE01EC1DDEE0093350E;
			remoteInfo = "sec-ios";
		};
/* End PBXContainerItemProxy section */

/* Begin PBXFileReference section */
		126C2C3321F87A50FB15B454 /* Pods-sec-ios.release.xcconfig */ = {isa = PBXFileReference; includeInIndex = 1; lastKnownFileType = text.xcconfig; name = "Pods-sec-ios.release.xcconfig"; path = "Pods/Target Support Files/Pods-sec-ios/Pods-sec-ios.release.xcconfig"; sourceTree = "<group>"; };
		49D072BC2DB5242B28CBE83A /* libPods-sec-ios.a */ = {isa = PBXFileReference; explicitFileType = archive.ar; includeInIndex = 0; path = "libPods-sec-ios.a"; sourceTree = BUILT_PRODUCTS_DIR; };
		A63FB3E37BECCFB4A9A7E4C2 /* Pods-sec-ios.debug.xcconfig */ = {isa = PBXFileReference; includeInIndex = 1; lastKnownFileType = text.xcconfig; name = "Pods-sec-ios.debug.xcconfig"; path = "Pods/Target Support Files/Pods-sec-ios/Pods-sec-ios.debug.xcconfig"; sourceTree = "<group>"; };
		BE2902AD1EC40C4200512F04 /* sec-ios-Bridging-Header.h */ = {isa = PBXFileReference; lastKnownFileType = sourcecode.c.h; path = "sec-ios-Bridging-Header.h"; sourceTree = "<group>"; };
		BE2902AE1EC40C4300512F04 /* RSAUtil.m */ = {isa = PBXFileReference; fileEncoding = 4; lastKnownFileType = sourcecode.c.objc; path = RSAUtil.m; sourceTree = "<group>"; };
		BE2902AF1EC40C4300512F04 /* RSAUtil.h */ = {isa = PBXFileReference; fileEncoding = 4; lastKnownFileType = sourcecode.c.h; path = RSAUtil.h; sourceTree = "<group>"; };
		BE2902B91EC41F9D00512F04 /* TripleDesUtil.m */ = {isa = PBXFileReference; fileEncoding = 4; lastKnownFileType = sourcecode.c.objc; path = TripleDesUtil.m; sourceTree = "<group>"; };
		BE2902BB1EC41FBE00512F04 /* TripleDesUtil.h */ = {isa = PBXFileReference; lastKnownFileType = sourcecode.c.h; path = TripleDesUtil.h; sourceTree = "<group>"; };
		BE8FBAE11EC1DDEE0093350E /* sec-ios.app */ = {isa = PBXFileReference; explicitFileType = wrapper.application; includeInIndex = 0; path = "sec-ios.app"; sourceTree = BUILT_PRODUCTS_DIR; };
		BE8FBAE41EC1DDEE0093350E /* AppDelegate.swift */ = {isa = PBXFileReference; lastKnownFileType = sourcecode.swift; path = AppDelegate.swift; sourceTree = "<group>"; };
		BE8FBAE61EC1DDEE0093350E /* ViewController.swift */ = {isa = PBXFileReference; lastKnownFileType = sourcecode.swift; path = ViewController.swift; sourceTree = "<group>"; };
		BE8FBAE91EC1DDEE0093350E /* Base */ = {isa = PBXFileReference; lastKnownFileType = file.storyboard; name = Base; path = Base.lproj/Main.storyboard; sourceTree = "<group>"; };
		BE8FBAEB1EC1DDEE0093350E /* Assets.xcassets */ = {isa = PBXFileReference; lastKnownFileType = folder.assetcatalog; path = Assets.xcassets; sourceTree = "<group>"; };
		BE8FBAEE1EC1DDEE0093350E /* Base */ = {isa = PBXFileReference; lastKnownFileType = file.storyboard; name = Base; path = Base.lproj/LaunchScreen.storyboard; sourceTree = "<group>"; };
		BE8FBAF01EC1DDEE0093350E /* Info.plist */ = {isa = PBXFileReference; lastKnownFileType = text.plist.xml; path = Info.plist; sourceTree = "<group>"; };
		BE8FBAF51EC1DDEE0093350E /* sec-iosTests.xctest */ = {isa = PBXFileReference; explicitFileType = wrapper.cfbundle; includeInIndex = 0; path = "sec-iosTests.xctest"; sourceTree = BUILT_PRODUCTS_DIR; };
		BE8FBAF91EC1DDEE0093350E /* sec_iosTests.swift */ = {isa = PBXFileReference; lastKnownFileType = sourcecode.swift; path = sec_iosTests.swift; sourceTree = "<group>"; };
		BE8FBAFB1EC1DDEE0093350E /* Info.plist */ = {isa = PBXFileReference; lastKnownFileType = text.plist.xml; path = Info.plist; sourceTree = "<group>"; };
		BE8FBB001EC1DDEE0093350E /* sec-iosUITests.xctest */ = {isa = PBXFileReference; explicitFileType = wrapper.cfbundle; includeInIndex = 0; path = "sec-iosUITests.xctest"; sourceTree = BUILT_PRODUCTS_DIR; };
		BE8FBB041EC1DDEE0093350E /* sec_iosUITests.swift */ = {isa = PBXFileReference; lastKnownFileType = sourcecode.swift; path = sec_iosUITests.swift; sourceTree = "<group>"; };
		BE8FBB061EC1DDEE0093350E /* Info.plist */ = {isa = PBXFileReference; lastKnownFileType = text.plist.xml; path = Info.plist; sourceTree = "<group>"; };
/* End PBXFileReference section */

/* Begin PBXFrameworksBuildPhase section */
		BE8FBADE1EC1DDEE0093350E /* Frameworks */ = {
			isa = PBXFrameworksBuildPhase;
			buildActionMask = 2147483647;
			files = (
				F2F579E9F773F38FBB2273BF /* libPods-sec-ios.a in Frameworks */,
			);
			runOnlyForDeploymentPostprocessing = 0;
		};
		BE8FBAF21EC1DDEE0093350E /* Frameworks */ = {
			isa = PBXFrameworksBuildPhase;
			buildActionMask = 2147483647;
			files = (
			);
			runOnlyForDeploymentPostprocessing = 0;
		};
		BE8FBAFD1EC1DDEE0093350E /* Frameworks */ = {
			isa = PBXFrameworksBuildPhase;
			buildActionMask = 2147483647;
			files = (
			);
			runOnlyForDeploymentPostprocessing = 0;
		};
/* End PBXFrameworksBuildPhase section */

/* Begin PBXGroup section */
		9F6CC0A1F49E392976A31B03 /* Pods */ = {
			isa = PBXGroup;
			children = (
				A63FB3E37BECCFB4A9A7E4C2 /* Pods-sec-ios.debug.xcconfig */,
				126C2C3321F87A50FB15B454 /* Pods-sec-ios.release.xcconfig */,
			);
			name = Pods;
			sourceTree = "<group>";
		};
		BE8FBAD81EC1DDEE0093350E = {
			isa = PBXGroup;
			children = (
				BE8FBAE31EC1DDEE0093350E /* sec-ios */,
				BE8FBAF81EC1DDEE0093350E /* sec-iosTests */,
				BE8FBB031EC1DDEE0093350E /* sec-iosUITests */,
				BE8FBAE21EC1DDEE0093350E /* Products */,
				9F6CC0A1F49E392976A31B03 /* Pods */,
				FADAC29E4A66CF514078C699 /* Frameworks */,
			);
			sourceTree = "<group>";
		};
		BE8FBAE21EC1DDEE0093350E /* Products */ = {
			isa = PBXGroup;
			children = (
				BE8FBAE11EC1DDEE0093350E /* sec-ios.app */,
				BE8FBAF51EC1DDEE0093350E /* sec-iosTests.xctest */,
				BE8FBB001EC1DDEE0093350E /* sec-iosUITests.xctest */,
			);
			name = Products;
			sourceTree = "<group>";
		};
		BE8FBAE31EC1DDEE0093350E /* sec-ios */ = {
			isa = PBXGroup;
			children = (
				BE2902AE1EC40C4300512F04 /* RSAUtil.m */,
				BE2902AF1EC40C4300512F04 /* RSAUtil.h */,
				BE8FBAE41EC1DDEE0093350E /* AppDelegate.swift */,
				BE8FBAE61EC1DDEE0093350E /* ViewController.swift */,
				BE8FBAE81EC1DDEE0093350E /* Main.storyboard */,
				BE8FBAEB1EC1DDEE0093350E /* Assets.xcassets */,
				BE8FBAED1EC1DDEE0093350E /* LaunchScreen.storyboard */,
				BE8FBAF01EC1DDEE0093350E /* Info.plist */,
				BE2902AD1EC40C4200512F04 /* sec-ios-Bridging-Header.h */,
				BE2902B91EC41F9D00512F04 /* TripleDesUtil.m */,
				BE2902BB1EC41FBE00512F04 /* TripleDesUtil.h */,
			);
			path = "sec-ios";
			sourceTree = "<group>";
		};
		BE8FBAF81EC1DDEE0093350E /* sec-iosTests */ = {
			isa = PBXGroup;
			children = (
				BE8FBAF91EC1DDEE0093350E /* sec_iosTests.swift */,
				BE8FBAFB1EC1DDEE0093350E /* Info.plist */,
			);
			path = "sec-iosTests";
			sourceTree = "<group>";
		};
		BE8FBB031EC1DDEE0093350E /* sec-iosUITests */ = {
			isa = PBXGroup;
			children = (
				BE8FBB041EC1DDEE0093350E /* sec_iosUITests.swift */,
				BE8FBB061EC1DDEE0093350E /* Info.plist */,
			);
			path = "sec-iosUITests";
			sourceTree = "<group>";
		};
		FADAC29E4A66CF514078C699 /* Frameworks */ = {
			isa = PBXGroup;
			children = (
				49D072BC2DB5242B28CBE83A /* libPods-sec-ios.a */,
			);
			name = Frameworks;
			sourceTree = "<group>";
		};
/* End PBXGroup section */

/* Begin PBXNativeTarget section */
		BE8FBAE01EC1DDEE0093350E /* sec-ios */ = {
			isa = PBXNativeTarget;
			buildConfigurationList = BE8FBB091EC1DDEE0093350E /* Build configuration list for PBXNativeTarget "sec-ios" */;
			buildPhases = (
				7633320308EF238FEF1CE621 /* [CP] Check Pods Manifest.lock */,
				BE8FBADD1EC1DDEE0093350E /* Sources */,
				BE8FBADE1EC1DDEE0093350E /* Frameworks */,
				BE8FBADF1EC1DDEE0093350E /* Resources */,
				1E63EFD733F71172A64B7446 /* [CP] Embed Pods Frameworks */,
				D894063E0B25D8B045A09688 /* [CP] Copy Pods Resources */,
			);
			buildRules = (
			);
			dependencies = (
			);
			name = "sec-ios";
			productName = "sec-ios";
			productReference = BE8FBAE11EC1DDEE0093350E /* sec-ios.app */;
			productType = "com.apple.product-type.application";
		};
		BE8FBAF41EC1DDEE0093350E /* sec-iosTests */ = {
			isa = PBXNativeTarget;
			buildConfigurationList = BE8FBB0C1EC1DDEE0093350E /* Build configuration list for PBXNativeTarget "sec-iosTests" */;
			buildPhases = (
				BE8FBAF11EC1DDEE0093350E /* Sources */,
				BE8FBAF21EC1DDEE0093350E /* Frameworks */,
				BE8FBAF31EC1DDEE0093350E /* Resources */,
			);
			buildRules = (
			);
			dependencies = (
				BE8FBAF71EC1DDEE0093350E /* PBXTargetDependency */,
			);
			name = "sec-iosTests";
			productName = "sec-iosTests";
			productReference = BE8FBAF51EC1DDEE0093350E /* sec-iosTests.xctest */;
			productType = "com.apple.product-type.bundle.unit-test";
		};
		BE8FBAFF1EC1DDEE0093350E /* sec-iosUITests */ = {
			isa = PBXNativeTarget;
			buildConfigurationList = BE8FBB0F1EC1DDEE0093350E /* Build configuration list for PBXNativeTarget "sec-iosUITests" */;
			buildPhases = (
				BE8FBAFC1EC1DDEE0093350E /* Sources */,
				BE8FBAFD1EC1DDEE0093350E /* Frameworks */,
				BE8FBAFE1EC1DDEE0093350E /* Resources */,
			);
			buildRules = (
			);
			dependencies = (
				BE8FBB021EC1DDEE0093350E /* PBXTargetDependency */,
			);
			name = "sec-iosUITests";
			productName = "sec-iosUITests";
			productReference = BE8FBB001EC1DDEE0093350E /* sec-iosUITests.xctest */;
			productType = "com.apple.product-type.bundle.ui-testing";
		};
/* End PBXNativeTarget section */

/* Begin PBXProject section */
		BE8FBAD91EC1DDEE0093350E /* Project object */ = {
			isa = PBXProject;
			attributes = {
				LastSwiftUpdateCheck = 0830;
				LastUpgradeCheck = 0830;
				ORGANIZATIONNAME = "Rudolfo Borges";
				TargetAttributes = {
					BE8FBAE01EC1DDEE0093350E = {
						CreatedOnToolsVersion = 8.3.2;
						LastSwiftMigration = 0830;
						ProvisioningStyle = Automatic;
					};
					BE8FBAF41EC1DDEE0093350E = {
						CreatedOnToolsVersion = 8.3.2;
						ProvisioningStyle = Automatic;
						TestTargetID = BE8FBAE01EC1DDEE0093350E;
					};
					BE8FBAFF1EC1DDEE0093350E = {
						CreatedOnToolsVersion = 8.3.2;
						ProvisioningStyle = Automatic;
						TestTargetID = BE8FBAE01EC1DDEE0093350E;
					};
				};
			};
			buildConfigurationList = BE8FBADC1EC1DDEE0093350E /* Build configuration list for PBXProject "sec-ios" */;
			compatibilityVersion = "Xcode 3.2";
			developmentRegion = English;
			hasScannedForEncodings = 0;
			knownRegions = (
				en,
				Base,
			);
			mainGroup = BE8FBAD81EC1DDEE0093350E;
			productRefGroup = BE8FBAE21EC1DDEE0093350E /* Products */;
			projectDirPath = "";
			projectRoot = "";
			targets = (
				BE8FBAE01EC1DDEE0093350E /* sec-ios */,
				BE8FBAF41EC1DDEE0093350E /* sec-iosTests */,
				BE8FBAFF1EC1DDEE0093350E /* sec-iosUITests */,
			);
		};
/* End PBXProject section */

/* Begin PBXResourcesBuildPhase section */
		BE8FBADF1EC1DDEE0093350E /* Resources */ = {
			isa = PBXResourcesBuildPhase;
			buildActionMask = 2147483647;
			files = (
				BE8FBAEF1EC1DDEE0093350E /* LaunchScreen.storyboard in Resources */,
				BE8FBAEC1EC1DDEE0093350E /* Assets.xcassets in Resources */,
				BE8FBAEA1EC1DDEE0093350E /* Main.storyboard in Resources */,
			);
			runOnlyForDeploymentPostprocessing = 0;
		};
		BE8FBAF31EC1DDEE0093350E /* Resources */ = {
			isa = PBXResourcesBuildPhase;
			buildActionMask = 2147483647;
			files = (
			);
			runOnlyForDeploymentPostprocessing = 0;
		};
		BE8FBAFE1EC1DDEE0093350E /* Resources */ = {
			isa = PBXResourcesBuildPhase;
			buildActionMask = 2147483647;
			files = (
			);
			runOnlyForDeploymentPostprocessing = 0;
		};
/* End PBXResourcesBuildPhase section */

/* Begin PBXShellScriptBuildPhase section */
		1E63EFD733F71172A64B7446 /* [CP] Embed Pods Frameworks */ = {
			isa = PBXShellScriptBuildPhase;
			buildActionMask = 2147483647;
			files = (
			);
			inputPaths = (
			);
			name = "[CP] Embed Pods Frameworks";
			outputPaths = (
			);
			runOnlyForDeploymentPostprocessing = 0;
			shellPath = /bin/sh;
			shellScript = "\"${SRCROOT}/Pods/Target Support Files/Pods-sec-ios/Pods-sec-ios-frameworks.sh\"\n";
			showEnvVarsInLog = 0;
		};
		7633320308EF238FEF1CE621 /* [CP] Check Pods Manifest.lock */ = {
			isa = PBXShellScriptBuildPhase;
			buildActionMask = 2147483647;
			files = (
			);
			inputPaths = (
			);
			name = "[CP] Check Pods Manifest.lock";
			outputPaths = (
			);
			runOnlyForDeploymentPostprocessing = 0;
			shellPath = /bin/sh;
			shellScript = "diff \"${PODS_PODFILE_DIR_PATH}/Podfile.lock\" \"${PODS_ROOT}/Manifest.lock\" > /dev/null\nif [ $? != 0 ] ; then\n    # print error to STDERR\n    echo \"error: The sandbox is not in sync with the Podfile.lock. Run 'pod install' or update your CocoaPods installation.\" >&2\n    exit 1\nfi\n";
			showEnvVarsInLog = 0;
		};
		D894063E0B25D8B045A09688 /* [CP] Copy Pods Resources */ = {
			isa = PBXShellScriptBuildPhase;
			buildActionMask = 2147483647;
			files = (
			);
			inputPaths = (
			);
			name = "[CP] Copy Pods Resources";
			outputPaths = (
			);
			runOnlyForDeploymentPostprocessing = 0;
			shellPath = /bin/sh;
			shellScript = "\"${SRCROOT}/Pods/Target Support Files/Pods-sec-ios/Pods-sec-ios-resources.sh\"\n";
			showEnvVarsInLog = 0;
		};
/* End PBXShellScriptBuildPhase section */

/* Begin PBXSourcesBuildPhase section */
		BE8FBADD1EC1DDEE0093350E /* Sources */ = {
			isa = PBXSourcesBuildPhase;
			buildActionMask = 2147483647;
			files = (
				BE2902BA1EC41F9D00512F04 /* TripleDesUtil.m in Sources */,
				BE2902B01EC40C4300512F04 /* RSAUtil.m in Sources */,
				BE8FBAE71EC1DDEE0093350E /* ViewController.swift in Sources */,
				BE8FBAE51EC1DDEE0093350E /* AppDelegate.swift in Sources */,
			);
			runOnlyForDeploymentPostprocessing = 0;
		};
		BE8FBAF11EC1DDEE0093350E /* Sources */ = {
			isa = PBXSourcesBuildPhase;
			buildActionMask = 2147483647;
			files = (
				BE8FBAFA1EC1DDEE0093350E /* sec_iosTests.swift in Sources */,
			);
			runOnlyForDeploymentPostprocessing = 0;
		};
		BE8FBAFC1EC1DDEE0093350E /* Sources */ = {
			isa = PBXSourcesBuildPhase;
			buildActionMask = 2147483647;
			files = (
				BE8FBB051EC1DDEE0093350E /* sec_iosUITests.swift in Sources */,
			);
			runOnlyForDeploymentPostprocessing = 0;
		};
/* End PBXSourcesBuildPhase section */

/* Begin PBXTargetDependency section */
		BE8FBAF71EC1DDEE0093350E /* PBXTargetDependency */ = {
			isa = PBXTargetDependency;
			target = BE8FBAE01EC1DDEE0093350E /* sec-ios */;
			targetProxy = BE8FBAF61EC1DDEE0093350E /* PBXContainerItemProxy */;
		};
		BE8FBB021EC1DDEE0093350E /* PBXTargetDependency */ = {
			isa = PBXTargetDependency;
			target = BE8FBAE01EC1DDEE0093350E /* sec-ios */;
			targetProxy = BE8FBB011EC1DDEE0093350E /* PBXContainerItemProxy */;
		};
/* End PBXTargetDependency section */

/* Begin PBXVariantGroup section */
		BE8FBAE81EC1DDEE0093350E /* Main.storyboard */ = {
			isa = PBXVariantGroup;
			children = (
				BE8FBAE91EC1DDEE0093350E /* Base */,
			);
			name = Main.storyboard;
			sourceTree = "<group>";
		};
		BE8FBAED1EC1DDEE0093350E /* LaunchScreen.storyboard */ = {
			isa = PBXVariantGroup;
			children = (
				BE8FBAEE1EC1DDEE0093350E /* Base */,
			);
			name = LaunchScreen.storyboard;
			sourceTree = "<group>";
		};
/* End PBXVariantGroup section */

/* Begin XCBuildConfiguration section */
		BE8FBB071EC1DDEE0093350E /* Debug */ = {
			isa = XCBuildConfiguration;
			buildSettings = {
				ALWAYS_SEARCH_USER_PATHS = NO;
				CLANG_ANALYZER_NONNULL = YES;
				CLANG_ANALYZER_NUMBER_OBJECT_CONVERSION = YES_AGGRESSIVE;
				CLANG_CXX_LANGUAGE_STANDARD = "gnu++0x";
				CLANG_CXX_LIBRARY = "libc++";
				CLANG_ENABLE_MODULES = YES;
				CLANG_ENABLE_OBJC_ARC = YES;
				CLANG_WARN_BOOL_CONVERSION = YES;
				CLANG_WARN_CONSTANT_CONVERSION = YES;
				CLANG_WARN_DIRECT_OBJC_ISA_USAGE = YES_ERROR;
				CLANG_WARN_DOCUMENTATION_COMMENTS = YES;
				CLANG_WARN_EMPTY_BODY = YES;
				CLANG_WARN_ENUM_CONVERSION = YES;
				CLANG_WARN_INFINITE_RECURSION = YES;
				CLANG_WARN_INT_CONVERSION = YES;
				CLANG_WARN_OBJC_ROOT_CLASS = YES_ERROR;
				CLANG_WARN_SUSPICIOUS_MOVE = YES;
				CLANG_WARN_UNREACHABLE_CODE = YES;
				CLANG_WARN__DUPLICATE_METHOD_MATCH = YES;
				"CODE_SIGN_IDENTITY[sdk=iphoneos*]" = "iPhone Developer";
				COPY_PHASE_STRIP = NO;
				DEBUG_INFORMATION_FORMAT = dwarf;
				ENABLE_STRICT_OBJC_MSGSEND = YES;
				ENABLE_TESTABILITY = YES;
				GCC_C_LANGUAGE_STANDARD = gnu99;
				GCC_DYNAMIC_NO_PIC = NO;
				GCC_NO_COMMON_BLOCKS = YES;
				GCC_OPTIMIZATION_LEVEL = 0;
				GCC_PREPROCESSOR_DEFINITIONS = (
					"DEBUG=1",
					"$(inherited)",
				);
				GCC_WARN_64_TO_32_BIT_CONVERSION = YES;
				GCC_WARN_ABOUT_RETURN_TYPE = YES_ERROR;
				GCC_WARN_UNDECLARED_SELECTOR = YES;
				GCC_WARN_UNINITIALIZED_AUTOS = YES_AGGRESSIVE;
				GCC_WARN_UNUSED_FUNCTION = YES;
				GCC_WARN_UNUSED_VARIABLE = YES;
				IPHONEOS_DEPLOYMENT_TARGET = 10.3;
				MTL_ENABLE_DEBUG_INFO = YES;
				ONLY_ACTIVE_ARCH = YES;
				SDKROOT = iphoneos;
				SWIFT_ACTIVE_COMPILATION_CONDITIONS = DEBUG;
				SWIFT_OPTIMIZATION_LEVEL = "-Onone";
				TARGETED_DEVICE_FAMILY = "1,2";
			};
			name = Debug;
		};
		BE8FBB081EC1DDEE0093350E /* Release */ = {
			isa = XCBuildConfiguration;
			buildSettings = {
				ALWAYS_SEARCH_USER_PATHS = NO;
				CLANG_ANALYZER_NONNULL = YES;
				CLANG_ANALYZER_NUMBER_OBJECT_CONVERSION = YES_AGGRESSIVE;
				CLANG_CXX_LANGUAGE_STANDARD = "gnu++0x";
				CLANG_CXX_LIBRARY = "libc++";
				CLANG_ENABLE_MODULES = YES;
				CLANG_ENABLE_OBJC_ARC = YES;
				CLANG_WARN_BOOL_CONVERSION = YES;
				CLANG_WARN_CONSTANT_CONVERSION = YES;
				CLANG_WARN_DIRECT_OBJC_ISA_USAGE = YES_ERROR;
				CLANG_WARN_DOCUMENTATION_COMMENTS = YES;
				CLANG_WARN_EMPTY_BODY = YES;
				CLANG_WARN_ENUM_CONVERSION = YES;
				CLANG_WARN_INFINITE_RECURSION = YES;
				CLANG_WARN_INT_CONVERSION = YES;
				CLANG_WARN_OBJC_ROOT_CLASS = YES_ERROR;
				CLANG_WARN_SUSPICIOUS_MOVE = YES;
				CLANG_WARN_UNREACHABLE_CODE = YES;
				CLANG_WARN__DUPLICATE_METHOD_MATCH = YES;
				"CODE_SIGN_IDENTITY[sdk=iphoneos*]" = "iPhone Developer";
				COPY_PHASE_STRIP = NO;
				DEBUG_INFORMATION_FORMAT = "dwarf-with-dsym";
				ENABLE_NS_ASSERTIONS = NO;
				ENABLE_STRICT_OBJC_MSGSEND = YES;
				GCC_C_LANGUAGE_STANDARD = gnu99;
				GCC_NO_COMMON_BLOCKS = YES;
				GCC_WARN_64_TO_32_BIT_CONVERSION = YES;
				GCC_WARN_ABOUT_RETURN_TYPE = YES_ERROR;
				GCC_WARN_UNDECLARED_SELECTOR = YES;
				GCC_WARN_UNINITIALIZED_AUTOS = YES_AGGRESSIVE;
				GCC_WARN_UNUSED_FUNCTION = YES;
				GCC_WARN_UNUSED_VARIABLE = YES;
				IPHONEOS_DEPLOYMENT_TARGET = 10.3;
				MTL_ENABLE_DEBUG_INFO = NO;
				SDKROOT = iphoneos;
				SWIFT_OPTIMIZATION_LEVEL = "-Owholemodule";
				TARGETED_DEVICE_FAMILY = "1,2";
				VALIDATE_PRODUCT = YES;
			};
			name = Release;
		};
		BE8FBB0A1EC1DDEE0093350E /* Debug */ = {
			isa = XCBuildConfiguration;
			baseConfigurationReference = A63FB3E37BECCFB4A9A7E4C2 /* Pods-sec-ios.debug.xcconfig */;
			buildSettings = {
				ASSETCATALOG_COMPILER_APPICON_NAME = AppIcon;
				CLANG_ENABLE_MODULES = YES;
				INFOPLIST_FILE = "sec-ios/Info.plist";
				LD_RUNPATH_SEARCH_PATHS = "$(inherited) @executable_path/Frameworks";
				PRODUCT_BUNDLE_IDENTIFIER = "br.jus.tjba.tjbamobile.sec-ios";
				PRODUCT_NAME = "$(TARGET_NAME)";
				SWIFT_OBJC_BRIDGING_HEADER = "sec-ios/sec-ios-Bridging-Header.h";
				SWIFT_OPTIMIZATION_LEVEL = "-Onone";
				SWIFT_VERSION = 3.0;
			};
			name = Debug;
		};
		BE8FBB0B1EC1DDEE0093350E /* Release */ = {
			isa = XCBuildConfiguration;
			baseConfigurationReference = 126C2C3321F87A50FB15B454 /* Pods-sec-ios.release.xcconfig */;
			buildSettings = {
				ASSETCATALOG_COMPILER_APPICON_NAME = AppIcon;
				CLANG_ENABLE_MODULES = YES;
				INFOPLIST_FILE = "sec-ios/Info.plist";
				LD_RUNPATH_SEARCH_PATHS = "$(inherited) @executable_path/Frameworks";
				PRODUCT_BUNDLE_IDENTIFIER = "br.jus.tjba.tjbamobile.sec-ios";
				PRODUCT_NAME = "$(TARGET_NAME)";
				SWIFT_OBJC_BRIDGING_HEADER = "sec-ios/sec-ios-Bridging-Header.h";
				SWIFT_VERSION = 3.0;
			};
			name = Release;
		};
		BE8FBB0D1EC1DDEE0093350E /* Debug */ = {
			isa = XCBuildConfiguration;
			buildSettings = {
				ALWAYS_EMBED_SWIFT_STANDARD_LIBRARIES = YES;
				BUNDLE_LOADER = "$(TEST_HOST)";
				INFOPLIST_FILE = "sec-iosTests/Info.plist";
				LD_RUNPATH_SEARCH_PATHS = "$(inherited) @executable_path/Frameworks @loader_path/Frameworks";
				PRODUCT_BUNDLE_IDENTIFIER = "br.jus.tjba.tjbamobile.sec-iosTests";
				PRODUCT_NAME = "$(TARGET_NAME)";
				SWIFT_VERSION = 3.0;
				TEST_HOST = "$(BUILT_PRODUCTS_DIR)/sec-ios.app/sec-ios";
			};
			name = Debug;
		};
		BE8FBB0E1EC1DDEE0093350E /* Release */ = {
			isa = XCBuildConfiguration;
			buildSettings = {
				ALWAYS_EMBED_SWIFT_STANDARD_LIBRARIES = YES;
				BUNDLE_LOADER = "$(TEST_HOST)";
				INFOPLIST_FILE = "sec-iosTests/Info.plist";
				LD_RUNPATH_SEARCH_PATHS = "$(inherited) @executable_path/Frameworks @loader_path/Frameworks";
				PRODUCT_BUNDLE_IDENTIFIER = "br.jus.tjba.tjbamobile.sec-iosTests";
				PRODUCT_NAME = "$(TARGET_NAME)";
				SWIFT_VERSION = 3.0;
				TEST_HOST = "$(BUILT_PRODUCTS_DIR)/sec-ios.app/sec-ios";
			};
			name = Release;
		};
		BE8FBB101EC1DDEE0093350E /* Debug */ = {
			isa = XCBuildConfiguration;
			buildSettings = {
				ALWAYS_EMBED_SWIFT_STANDARD_LIBRARIES = YES;
				INFOPLIST_FILE = "sec-iosUITests/Info.plist";
				LD_RUNPATH_SEARCH_PATHS = "$(inherited) @executable_path/Frameworks @loader_path/Frameworks";
				PRODUCT_BUNDLE_IDENTIFIER = "br.jus.tjba.tjbamobile.sec-iosUITests";
				PRODUCT_NAME = "$(TARGET_NAME)";
				SWIFT_VERSION = 3.0;
				TEST_TARGET_NAME = "sec-ios";
			};
			name = Debug;
		};
		BE8FBB111EC1DDEE0093350E /* Release */ = {
			isa = XCBuildConfiguration;
			buildSettings = {
				ALWAYS_EMBED_SWIFT_STANDARD_LIBRARIES = YES;
				INFOPLIST_FILE = "sec-iosUITests/Info.plist";
				LD_RUNPATH_SEARCH_PATHS = "$(inherited) @executable_path/Frameworks @loader_path/Frameworks";
				PRODUCT_BUNDLE_IDENTIFIER = "br.jus.tjba.tjbamobile.sec-iosUITests";
				PRODUCT_NAME = "$(TARGET_NAME)";
				SWIFT_VERSION = 3.0;
				TEST_TARGET_NAME = "sec-ios";
			};
			name = Release;
		};
/* End XCBuildConfiguration section */

/* Begin XCConfigurationList section */
		BE8FBADC1EC1DDEE0093350E /* Build configuration list for PBXProject "sec-ios" */ = {
			isa = XCConfigurationList;
			buildConfigurations = (
				BE8FBB071EC1DDEE0093350E /* Debug */,
				BE8FBB081EC1DDEE0093350E /* Release */,
			);
			defaultConfigurationIsVisible = 0;
			defaultConfigurationName = Release;
		};
		BE8FBB091EC1DDEE0093350E /* Build configuration list for PBXNativeTarget "sec-ios" */ = {
			isa = XCConfigurationList;
			buildConfigurations = (
				BE8FBB0A1EC1DDEE0093350E /* Debug */,
				BE8FBB0B1EC1DDEE0093350E /* Release */,
			);
			defaultConfigurationIsVisible = 0;
			defaultConfigurationName = Release;
		};
		BE8FBB0C1EC1DDEE0093350E /* Build configuration list for PBXNativeTarget "sec-iosTests" */ = {
			isa = XCConfigurationList;
			buildConfigurations = (
				BE8FBB0D1EC1DDEE0093350E /* Debug */,
				BE8FBB0E1EC1DDEE0093350E /* Release */,
			);
			defaultConfigurationIsVisible = 0;
			defaultConfigurationName = Release;
		};
		BE8FBB0F1EC1DDEE0093350E /* Build configuration list for PBXNativeTarget "sec-iosUITests" */ = {
			isa = XCConfigurationList;
			buildConfigurations = (
				BE8FBB101EC1DDEE0093350E /* Debug */,
				BE8FBB111EC1DDEE0093350E /* Release */,
			);
			defaultConfigurationIsVisible = 0;
			defaultConfigurationName = Release;
		};
/* End XCConfigurationList section */
	};
	rootObject = BE8FBAD91EC1DDEE0093350E /* Project object */;
}
